
Microsoft Visual Studio Solution File, Format Version 12.00
# Visual Studio Version 17
VisualStudioVersion = 17.4.33403.182
MinimumVisualStudioVersion = 10.0.40219.1
Project("{9A19103F-16F7-4668-BE54-9A1E7A4F7556}") = "DataFirst", "DataFirst\DataFirst.csproj", "{1F631A8F-B74B-42B6-8E15-DA1DD7ABAFEA}"
EndProject
Project("{9A19103F-16F7-4668-BE54-9A1E7A4F7556}") = "CodeFirst", "CodeFirst\CodeFirst.csproj", "{0A6660B0-E754-47EA-BEB8-AF7C4509C2F4}"
EndProject
Project("{9A19103F-16F7-4668-BE54-9A1E7A4F7556}") = "TabloAdiBelirleme", "TabloAdiBelirleme\TabloAdiBelirleme.csproj", "{AA96C774-F4E7-4EC8-ADA1-F7D700F91CDF}"
EndProject
Project("{9A19103F-16F7-4668-BE54-9A1E7A4F7556}") = "Persisting_The_Data", "Persisting_The_Data\Persisting_The_Data.csproj", "{4E35B95C-D85D-497D-87A4-6732099CE47C}"
EndProject
Project("{9A19103F-16F7-4668-BE54-9A1E7A4F7556}") = "Persisting_The_Data_Update", "Persisting_The_Data_Update\Persisting_The_Data_Update.csproj", "{EC4734AE-733E-441E-B4DA-DF1BBA2B6EA5}"
EndProject
Project("{9A19103F-16F7-4668-BE54-9A1E7A4F7556}") = "Persisting_The_Data_Delete", "Persisting_The_Data_Delete\Persisting_The_Data_Delete.csproj", "{66A37F8D-A2EB-4AAE-8124-6042E845F133}"
EndProject
Project("{9A19103F-16F7-4668-BE54-9A1E7A4F7556}") = "Querying", "Querying\Querying.csproj", "{B078AD1B-E29F-4F3F-A49C-EBCF7FCEDEA6}"
EndProject
Project("{9A19103F-16F7-4668-BE54-9A1E7A4F7556}") = "ChangeTracker", "ChangeTracker\ChangeTracker.csproj", "{5A51BFF5-12B4-494F-8077-1179B9D1D61A}"
EndProject
Project("{9A19103F-16F7-4668-BE54-9A1E7A4F7556}") = "Tracking", "Tracking\Tracking.csproj", "{0D18677F-5FF6-44A0-9451-E8168AC2718B}"
EndProject
Project("{9A19103F-16F7-4668-BE54-9A1E7A4F7556}") = "Relationships", "Relationships\Relationships.csproj", "{E0E1330C-8F53-45FF-A46E-139253866CDB}"
EndProject
Project("{9A19103F-16F7-4668-BE54-9A1E7A4F7556}") = "One_To_One_Relationship", "One_To_One_Relationship\One_To_One_Relationship.csproj", "{F5A3FA24-F3A6-49B0-B9E6-ED7125F4EAD7}"
EndProject
Project("{9A19103F-16F7-4668-BE54-9A1E7A4F7556}") = "One_To_Many_Relationship", "One_To_Many_Relationship\One_To_Many_Relationship.csproj", "{6CE9CC7F-7CCA-49CD-BD70-9D43ADB4E26B}"
EndProject
Project("{9A19103F-16F7-4668-BE54-9A1E7A4F7556}") = "Many_To_Many Relationship", "Many_To_Many Relationship\Many_To_Many Relationship.csproj", "{D5C587CF-DDD4-499C-A5DD-971EFFBCC019}"
EndProject
Project("{9A19103F-16F7-4668-BE54-9A1E7A4F7556}") = "Saving_Releated_Data", "Saving_Releated_Data\Saving_Releated_Data.csproj", "{73E99A89-4FFE-41D6-88B3-6E714FAAAFD4}"
EndProject
Project("{9A19103F-16F7-4668-BE54-9A1E7A4F7556}") = "Updating_Related_Data", "Updating_Related_Data\Updating_Related_Data.csproj", "{B76072A2-90DF-4FE6-929E-791D0E9582C3}"
EndProject
Project("{9A19103F-16F7-4668-BE54-9A1E7A4F7556}") = "Deleting_Related_Data", "Deleting_Related_Data\Deleting_Related_Data.csproj", "{FD19CE03-9E3A-4C9A-A150-4FC098754339}"
EndProject
Project("{9A19103F-16F7-4668-BE54-9A1E7A4F7556}") = "Backing_Field", "Backing_Field\Backing_Field.csproj", "{4C7D8298-47C5-4BA6-8401-A1FE23D85695}"
EndProject
Project("{9A19103F-16F7-4668-BE54-9A1E7A4F7556}") = "Shadow_Property", "Shadow_Property\Shadow_Property.csproj", "{208A9B4C-D9FE-4998-9566-71BBC758E02B}"
EndProject
Project("{9A19103F-16F7-4668-BE54-9A1E7A4F7556}") = "EF_Core_Configurations", "EF_Core_Configurations\EF_Core_Configurations.csproj", "{C2809043-C187-4801-8EB7-6B63EA0C27F9}"
EndProject
Project("{9A19103F-16F7-4668-BE54-9A1E7A4F7556}") = "Generated_Values", "Generated_Values\Generated_Values.csproj", "{44D1B3D4-75AF-4EA6-8A33-939E12E45416}"
EndProject
Project("{9A19103F-16F7-4668-BE54-9A1E7A4F7556}") = "Separate_Configuration_Classes", "Separate_Configuration_Classes\Separate_Configuration_Classes.csproj", "{ECCF3271-782E-4114-96FC-782C7118BBFA}"
EndProject
Project("{9A19103F-16F7-4668-BE54-9A1E7A4F7556}") = "Data_Seeding", "Data_Seeding\Data_Seeding.csproj", "{0C845A23-1FAB-4075-834D-499532DD0F97}"
EndProject
Project("{9A19103F-16F7-4668-BE54-9A1E7A4F7556}") = "Inheritance_Table_Per_Hierarchy", "Inheritance_Table_Per_Hierarchy\Inheritance_Table_Per_Hierarchy.csproj", "{0BF9DEC3-EAE3-41EA-B2B4-BD6955570AB2}"
EndProject
Project("{9A19103F-16F7-4668-BE54-9A1E7A4F7556}") = "Inheritance_Table_Per_Type", "İnheritance_Table_Per_Type\Inheritance_Table_Per_Type.csproj", "{D0A1A4DC-A86F-4B1E-A718-B0E95176B5EF}"
EndProject
Project("{9A19103F-16F7-4668-BE54-9A1E7A4F7556}") = "Inheritance_Table_Per_Concrete", "Inheritance_Table_Per_Concrete\Inheritance_Table_Per_Concrete.csproj", "{E8E75266-A9B1-49D7-BF23-479F426B6D7E}"
EndProject
Project("{9A19103F-16F7-4668-BE54-9A1E7A4F7556}") = "Constraints", "Constraints\Constraints.csproj", "{621DFEC7-0252-4BB8-B990-991D77877928}"
EndProject
Project("{9A19103F-16F7-4668-BE54-9A1E7A4F7556}") = "Indexes", "Indexes\Indexes.csproj", "{471164AA-9BEE-47B4-849C-484AEF643B50}"
EndProject
Project("{9A19103F-16F7-4668-BE54-9A1E7A4F7556}") = "Sequences", "Sequences\Sequences.csproj", "{E66E1C60-41F6-4AFA-80AE-58BC99BFAE8D}"
EndProject
Project("{9A19103F-16F7-4668-BE54-9A1E7A4F7556}") = "Loading_Realated_Data", "Loading_Realated_Data\Loading_Realated_Data.csproj", "{43B42205-D799-41E8-BA84-84ECEF1A8B13}"
EndProject
Project("{FAE04EC0-301F-11D3-BF4B-00C04F79EFBC}") = "Lazy_Loading", "Lazy_Loading\Lazy_Loading.csproj", "{2975E71E-6DF9-439B-876D-A8951C865BF6}"
EndProject
Global
	GlobalSection(SolutionConfigurationPlatforms) = preSolution
		Debug|Any CPU = Debug|Any CPU
		Release|Any CPU = Release|Any CPU
	EndGlobalSection
	GlobalSection(ProjectConfigurationPlatforms) = postSolution
		{1F631A8F-B74B-42B6-8E15-DA1DD7ABAFEA}.Debug|Any CPU.ActiveCfg = Debug|Any CPU
		{1F631A8F-B74B-42B6-8E15-DA1DD7ABAFEA}.Debug|Any CPU.Build.0 = Debug|Any CPU
		{1F631A8F-B74B-42B6-8E15-DA1DD7ABAFEA}.Release|Any CPU.ActiveCfg = Release|Any CPU
		{1F631A8F-B74B-42B6-8E15-DA1DD7ABAFEA}.Release|Any CPU.Build.0 = Release|Any CPU
		{0A6660B0-E754-47EA-BEB8-AF7C4509C2F4}.Debug|Any CPU.ActiveCfg = Debug|Any CPU
		{0A6660B0-E754-47EA-BEB8-AF7C4509C2F4}.Debug|Any CPU.Build.0 = Debug|Any CPU
		{0A6660B0-E754-47EA-BEB8-AF7C4509C2F4}.Release|Any CPU.ActiveCfg = Release|Any CPU
		{0A6660B0-E754-47EA-BEB8-AF7C4509C2F4}.Release|Any CPU.Build.0 = Release|Any CPU
		{AA96C774-F4E7-4EC8-ADA1-F7D700F91CDF}.Debug|Any CPU.ActiveCfg = Debug|Any CPU
		{AA96C774-F4E7-4EC8-ADA1-F7D700F91CDF}.Debug|Any CPU.Build.0 = Debug|Any CPU
		{AA96C774-F4E7-4EC8-ADA1-F7D700F91CDF}.Release|Any CPU.ActiveCfg = Release|Any CPU
		{AA96C774-F4E7-4EC8-ADA1-F7D700F91CDF}.Release|Any CPU.Build.0 = Release|Any CPU
		{4E35B95C-D85D-497D-87A4-6732099CE47C}.Debug|Any CPU.ActiveCfg = Debug|Any CPU
		{4E35B95C-D85D-497D-87A4-6732099CE47C}.Debug|Any CPU.Build.0 = Debug|Any CPU
		{4E35B95C-D85D-497D-87A4-6732099CE47C}.Release|Any CPU.ActiveCfg = Release|Any CPU
		{4E35B95C-D85D-497D-87A4-6732099CE47C}.Release|Any CPU.Build.0 = Release|Any CPU
		{EC4734AE-733E-441E-B4DA-DF1BBA2B6EA5}.Debug|Any CPU.ActiveCfg = Debug|Any CPU
		{EC4734AE-733E-441E-B4DA-DF1BBA2B6EA5}.Debug|Any CPU.Build.0 = Debug|Any CPU
		{EC4734AE-733E-441E-B4DA-DF1BBA2B6EA5}.Release|Any CPU.ActiveCfg = Release|Any CPU
		{EC4734AE-733E-441E-B4DA-DF1BBA2B6EA5}.Release|Any CPU.Build.0 = Release|Any CPU
		{66A37F8D-A2EB-4AAE-8124-6042E845F133}.Debug|Any CPU.ActiveCfg = Debug|Any CPU
		{66A37F8D-A2EB-4AAE-8124-6042E845F133}.Debug|Any CPU.Build.0 = Debug|Any CPU
		{66A37F8D-A2EB-4AAE-8124-6042E845F133}.Release|Any CPU.ActiveCfg = Release|Any CPU
		{66A37F8D-A2EB-4AAE-8124-6042E845F133}.Release|Any CPU.Build.0 = Release|Any CPU
		{B078AD1B-E29F-4F3F-A49C-EBCF7FCEDEA6}.Debug|Any CPU.ActiveCfg = Debug|Any CPU
		{B078AD1B-E29F-4F3F-A49C-EBCF7FCEDEA6}.Debug|Any CPU.Build.0 = Debug|Any CPU
		{B078AD1B-E29F-4F3F-A49C-EBCF7FCEDEA6}.Release|Any CPU.ActiveCfg = Release|Any CPU
		{B078AD1B-E29F-4F3F-A49C-EBCF7FCEDEA6}.Release|Any CPU.Build.0 = Release|Any CPU
		{5A51BFF5-12B4-494F-8077-1179B9D1D61A}.Debug|Any CPU.ActiveCfg = Debug|Any CPU
		{5A51BFF5-12B4-494F-8077-1179B9D1D61A}.Debug|Any CPU.Build.0 = Debug|Any CPU
		{5A51BFF5-12B4-494F-8077-1179B9D1D61A}.Release|Any CPU.ActiveCfg = Release|Any CPU
		{5A51BFF5-12B4-494F-8077-1179B9D1D61A}.Release|Any CPU.Build.0 = Release|Any CPU
		{0D18677F-5FF6-44A0-9451-E8168AC2718B}.Debug|Any CPU.ActiveCfg = Debug|Any CPU
		{0D18677F-5FF6-44A0-9451-E8168AC2718B}.Debug|Any CPU.Build.0 = Debug|Any CPU
		{0D18677F-5FF6-44A0-9451-E8168AC2718B}.Release|Any CPU.ActiveCfg = Release|Any CPU
		{0D18677F-5FF6-44A0-9451-E8168AC2718B}.Release|Any CPU.Build.0 = Release|Any CPU
		{E0E1330C-8F53-45FF-A46E-139253866CDB}.Debug|Any CPU.ActiveCfg = Debug|Any CPU
		{E0E1330C-8F53-45FF-A46E-139253866CDB}.Debug|Any CPU.Build.0 = Debug|Any CPU
		{E0E1330C-8F53-45FF-A46E-139253866CDB}.Release|Any CPU.ActiveCfg = Release|Any CPU
		{E0E1330C-8F53-45FF-A46E-139253866CDB}.Release|Any CPU.Build.0 = Release|Any CPU
		{F5A3FA24-F3A6-49B0-B9E6-ED7125F4EAD7}.Debug|Any CPU.ActiveCfg = Debug|Any CPU
		{F5A3FA24-F3A6-49B0-B9E6-ED7125F4EAD7}.Debug|Any CPU.Build.0 = Debug|Any CPU
		{F5A3FA24-F3A6-49B0-B9E6-ED7125F4EAD7}.Release|Any CPU.ActiveCfg = Release|Any CPU
		{F5A3FA24-F3A6-49B0-B9E6-ED7125F4EAD7}.Release|Any CPU.Build.0 = Release|Any CPU
		{6CE9CC7F-7CCA-49CD-BD70-9D43ADB4E26B}.Debug|Any CPU.ActiveCfg = Debug|Any CPU
		{6CE9CC7F-7CCA-49CD-BD70-9D43ADB4E26B}.Debug|Any CPU.Build.0 = Debug|Any CPU
		{6CE9CC7F-7CCA-49CD-BD70-9D43ADB4E26B}.Release|Any CPU.ActiveCfg = Release|Any CPU
		{6CE9CC7F-7CCA-49CD-BD70-9D43ADB4E26B}.Release|Any CPU.Build.0 = Release|Any CPU
		{D5C587CF-DDD4-499C-A5DD-971EFFBCC019}.Debug|Any CPU.ActiveCfg = Debug|Any CPU
		{D5C587CF-DDD4-499C-A5DD-971EFFBCC019}.Debug|Any CPU.Build.0 = Debug|Any CPU
		{D5C587CF-DDD4-499C-A5DD-971EFFBCC019}.Release|Any CPU.ActiveCfg = Release|Any CPU
		{D5C587CF-DDD4-499C-A5DD-971EFFBCC019}.Release|Any CPU.Build.0 = Release|Any CPU
		{73E99A89-4FFE-41D6-88B3-6E714FAAAFD4}.Debug|Any CPU.ActiveCfg = Debug|Any CPU
		{73E99A89-4FFE-41D6-88B3-6E714FAAAFD4}.Debug|Any CPU.Build.0 = Debug|Any CPU
		{73E99A89-4FFE-41D6-88B3-6E714FAAAFD4}.Release|Any CPU.ActiveCfg = Release|Any CPU
		{73E99A89-4FFE-41D6-88B3-6E714FAAAFD4}.Release|Any CPU.Build.0 = Release|Any CPU
		{B76072A2-90DF-4FE6-929E-791D0E9582C3}.Debug|Any CPU.ActiveCfg = Debug|Any CPU
		{B76072A2-90DF-4FE6-929E-791D0E9582C3}.Debug|Any CPU.Build.0 = Debug|Any CPU
		{B76072A2-90DF-4FE6-929E-791D0E9582C3}.Release|Any CPU.ActiveCfg = Release|Any CPU
		{B76072A2-90DF-4FE6-929E-791D0E9582C3}.Release|Any CPU.Build.0 = Release|Any CPU
		{FD19CE03-9E3A-4C9A-A150-4FC098754339}.Debug|Any CPU.ActiveCfg = Debug|Any CPU
		{FD19CE03-9E3A-4C9A-A150-4FC098754339}.Debug|Any CPU.Build.0 = Debug|Any CPU
		{FD19CE03-9E3A-4C9A-A150-4FC098754339}.Release|Any CPU.ActiveCfg = Release|Any CPU
		{FD19CE03-9E3A-4C9A-A150-4FC098754339}.Release|Any CPU.Build.0 = Release|Any CPU
		{4C7D8298-47C5-4BA6-8401-A1FE23D85695}.Debug|Any CPU.ActiveCfg = Debug|Any CPU
		{4C7D8298-47C5-4BA6-8401-A1FE23D85695}.Debug|Any CPU.Build.0 = Debug|Any CPU
		{4C7D8298-47C5-4BA6-8401-A1FE23D85695}.Release|Any CPU.ActiveCfg = Release|Any CPU
		{4C7D8298-47C5-4BA6-8401-A1FE23D85695}.Release|Any CPU.Build.0 = Release|Any CPU
		{208A9B4C-D9FE-4998-9566-71BBC758E02B}.Debug|Any CPU.ActiveCfg = Debug|Any CPU
		{208A9B4C-D9FE-4998-9566-71BBC758E02B}.Debug|Any CPU.Build.0 = Debug|Any CPU
		{208A9B4C-D9FE-4998-9566-71BBC758E02B}.Release|Any CPU.ActiveCfg = Release|Any CPU
		{208A9B4C-D9FE-4998-9566-71BBC758E02B}.Release|Any CPU.Build.0 = Release|Any CPU
		{C2809043-C187-4801-8EB7-6B63EA0C27F9}.Debug|Any CPU.ActiveCfg = Debug|Any CPU
		{C2809043-C187-4801-8EB7-6B63EA0C27F9}.Debug|Any CPU.Build.0 = Debug|Any CPU
		{C2809043-C187-4801-8EB7-6B63EA0C27F9}.Release|Any CPU.ActiveCfg = Release|Any CPU
		{C2809043-C187-4801-8EB7-6B63EA0C27F9}.Release|Any CPU.Build.0 = Release|Any CPU
		{44D1B3D4-75AF-4EA6-8A33-939E12E45416}.Debug|Any CPU.ActiveCfg = Debug|Any CPU
		{44D1B3D4-75AF-4EA6-8A33-939E12E45416}.Debug|Any CPU.Build.0 = Debug|Any CPU
		{44D1B3D4-75AF-4EA6-8A33-939E12E45416}.Release|Any CPU.ActiveCfg = Release|Any CPU
		{44D1B3D4-75AF-4EA6-8A33-939E12E45416}.Release|Any CPU.Build.0 = Release|Any CPU
		{ECCF3271-782E-4114-96FC-782C7118BBFA}.Debug|Any CPU.ActiveCfg = Debug|Any CPU
		{ECCF3271-782E-4114-96FC-782C7118BBFA}.Debug|Any CPU.Build.0 = Debug|Any CPU
		{ECCF3271-782E-4114-96FC-782C7118BBFA}.Release|Any CPU.ActiveCfg = Release|Any CPU
		{ECCF3271-782E-4114-96FC-782C7118BBFA}.Release|Any CPU.Build.0 = Release|Any CPU
		{0C845A23-1FAB-4075-834D-499532DD0F97}.Debug|Any CPU.ActiveCfg = Debug|Any CPU
		{0C845A23-1FAB-4075-834D-499532DD0F97}.Debug|Any CPU.Build.0 = Debug|Any CPU
		{0C845A23-1FAB-4075-834D-499532DD0F97}.Release|Any CPU.ActiveCfg = Release|Any CPU
		{0C845A23-1FAB-4075-834D-499532DD0F97}.Release|Any CPU.Build.0 = Release|Any CPU
		{0BF9DEC3-EAE3-41EA-B2B4-BD6955570AB2}.Debug|Any CPU.ActiveCfg = Debug|Any CPU
		{0BF9DEC3-EAE3-41EA-B2B4-BD6955570AB2}.Debug|Any CPU.Build.0 = Debug|Any CPU
		{0BF9DEC3-EAE3-41EA-B2B4-BD6955570AB2}.Release|Any CPU.ActiveCfg = Release|Any CPU
		{0BF9DEC3-EAE3-41EA-B2B4-BD6955570AB2}.Release|Any CPU.Build.0 = Release|Any CPU
		{D0A1A4DC-A86F-4B1E-A718-B0E95176B5EF}.Debug|Any CPU.ActiveCfg = Debug|Any CPU
		{D0A1A4DC-A86F-4B1E-A718-B0E95176B5EF}.Debug|Any CPU.Build.0 = Debug|Any CPU
		{D0A1A4DC-A86F-4B1E-A718-B0E95176B5EF}.Release|Any CPU.ActiveCfg = Release|Any CPU
		{D0A1A4DC-A86F-4B1E-A718-B0E95176B5EF}.Release|Any CPU.Build.0 = Release|Any CPU
		{E8E75266-A9B1-49D7-BF23-479F426B6D7E}.Debug|Any CPU.ActiveCfg = Debug|Any CPU
		{E8E75266-A9B1-49D7-BF23-479F426B6D7E}.Debug|Any CPU.Build.0 = Debug|Any CPU
		{E8E75266-A9B1-49D7-BF23-479F426B6D7E}.Release|Any CPU.ActiveCfg = Release|Any CPU
		{E8E75266-A9B1-49D7-BF23-479F426B6D7E}.Release|Any CPU.Build.0 = Release|Any CPU
		{621DFEC7-0252-4BB8-B990-991D77877928}.Debug|Any CPU.ActiveCfg = Debug|Any CPU
		{621DFEC7-0252-4BB8-B990-991D77877928}.Debug|Any CPU.Build.0 = Debug|Any CPU
		{621DFEC7-0252-4BB8-B990-991D77877928}.Release|Any CPU.ActiveCfg = Release|Any CPU
		{621DFEC7-0252-4BB8-B990-991D77877928}.Release|Any CPU.Build.0 = Release|Any CPU
		{471164AA-9BEE-47B4-849C-484AEF643B50}.Debug|Any CPU.ActiveCfg = Debug|Any CPU
		{471164AA-9BEE-47B4-849C-484AEF643B50}.Debug|Any CPU.Build.0 = Debug|Any CPU
		{471164AA-9BEE-47B4-849C-484AEF643B50}.Release|Any CPU.ActiveCfg = Release|Any CPU
		{471164AA-9BEE-47B4-849C-484AEF643B50}.Release|Any CPU.Build.0 = Release|Any CPU
		{E66E1C60-41F6-4AFA-80AE-58BC99BFAE8D}.Debug|Any CPU.ActiveCfg = Debug|Any CPU
		{E66E1C60-41F6-4AFA-80AE-58BC99BFAE8D}.Debug|Any CPU.Build.0 = Debug|Any CPU
		{E66E1C60-41F6-4AFA-80AE-58BC99BFAE8D}.Release|Any CPU.ActiveCfg = Release|Any CPU
		{E66E1C60-41F6-4AFA-80AE-58BC99BFAE8D}.Release|Any CPU.Build.0 = Release|Any CPU
		{43B42205-D799-41E8-BA84-84ECEF1A8B13}.Debug|Any CPU.ActiveCfg = Debug|Any CPU
		{43B42205-D799-41E8-BA84-84ECEF1A8B13}.Debug|Any CPU.Build.0 = Debug|Any CPU
		{43B42205-D799-41E8-BA84-84ECEF1A8B13}.Release|Any CPU.ActiveCfg = Release|Any CPU
		{43B42205-D799-41E8-BA84-84ECEF1A8B13}.Release|Any CPU.Build.0 = Release|Any CPU
		{2975E71E-6DF9-439B-876D-A8951C865BF6}.Debug|Any CPU.ActiveCfg = Debug|Any CPU
		{2975E71E-6DF9-439B-876D-A8951C865BF6}.Debug|Any CPU.Build.0 = Debug|Any CPU
		{2975E71E-6DF9-439B-876D-A8951C865BF6}.Release|Any CPU.ActiveCfg = Release|Any CPU
		{2975E71E-6DF9-439B-876D-A8951C865BF6}.Release|Any CPU.Build.0 = Release|Any CPU
	EndGlobalSection
	GlobalSection(SolutionProperties) = preSolution
		HideSolutionNode = FALSE
	EndGlobalSection
	GlobalSection(ExtensibilityGlobals) = postSolution
		SolutionGuid = {881985D5-48CD-45FF-B39B-47BC586EF9A3}
	EndGlobalSection
EndGlobal
