
Microsoft Visual Studio Solution File, Format Version 12.00
# Visual Studio Version 17
VisualStudioVersion = 17.4.33403.182
MinimumVisualStudioVersion = 10.0.40219.1
Project("{FAE04EC0-301F-11D3-BF4B-00C04F79EFBC}") = "DataFirst", "DataFirst\DataFirst.csproj", "{1F631A8F-B74B-42B6-8E15-DA1DD7ABAFEA}"
EndProject
Project("{FAE04EC0-301F-11D3-BF4B-00C04F79EFBC}") = "CodeFirst", "CodeFirst\CodeFirst.csproj", "{0A6660B0-E754-47EA-BEB8-AF7C4509C2F4}"
EndProject
Project("{FAE04EC0-301F-11D3-BF4B-00C04F79EFBC}") = "TabloAdiBelirleme", "TabloAdiBelirleme\TabloAdiBelirleme.csproj", "{AA96C774-F4E7-4EC8-ADA1-F7D700F91CDF}"
EndProject
Project("{FAE04EC0-301F-11D3-BF4B-00C04F79EFBC}") = "Persisting_The_Data", "Persisting_The_Data\Persisting_The_Data.csproj", "{4E35B95C-D85D-497D-87A4-6732099CE47C}"
EndProject
Project("{FAE04EC0-301F-11D3-BF4B-00C04F79EFBC}") = "Persisting_The_Data_Update", "Persisting_The_Data_Update\Persisting_The_Data_Update.csproj", "{EC4734AE-733E-441E-B4DA-DF1BBA2B6EA5}"
EndProject
Project("{FAE04EC0-301F-11D3-BF4B-00C04F79EFBC}") = "Persisting_The_Data_Delete", "Persisting_The_Data_Delete\Persisting_The_Data_Delete.csproj", "{66A37F8D-A2EB-4AAE-8124-6042E845F133}"
EndProject
Project("{FAE04EC0-301F-11D3-BF4B-00C04F79EFBC}") = "Querying", "Querying\Querying.csproj", "{B078AD1B-E29F-4F3F-A49C-EBCF7FCEDEA6}"
EndProject
Global
	GlobalSection(SolutionConfigurationPlatforms) = preSolution
		Debug|Any CPU = Debug|Any CPU
		Release|Any CPU = Release|Any CPU
	EndGlobalSection
	GlobalSection(ProjectConfigurationPlatforms) = postSolution
		{1F631A8F-B74B-42B6-8E15-DA1DD7ABAFEA}.Debug|Any CPU.ActiveCfg = Debug|Any CPU
		{1F631A8F-B74B-42B6-8E15-DA1DD7ABAFEA}.Debug|Any CPU.Build.0 = Debug|Any CPU
		{1F631A8F-B74B-42B6-8E15-DA1DD7ABAFEA}.Release|Any CPU.ActiveCfg = Release|Any CPU
		{1F631A8F-B74B-42B6-8E15-DA1DD7ABAFEA}.Release|Any CPU.Build.0 = Release|Any CPU
		{0A6660B0-E754-47EA-BEB8-AF7C4509C2F4}.Debug|Any CPU.ActiveCfg = Debug|Any CPU
		{0A6660B0-E754-47EA-BEB8-AF7C4509C2F4}.Debug|Any CPU.Build.0 = Debug|Any CPU
		{0A6660B0-E754-47EA-BEB8-AF7C4509C2F4}.Release|Any CPU.ActiveCfg = Release|Any CPU
		{0A6660B0-E754-47EA-BEB8-AF7C4509C2F4}.Release|Any CPU.Build.0 = Release|Any CPU
		{AA96C774-F4E7-4EC8-ADA1-F7D700F91CDF}.Debug|Any CPU.ActiveCfg = Debug|Any CPU
		{AA96C774-F4E7-4EC8-ADA1-F7D700F91CDF}.Debug|Any CPU.Build.0 = Debug|Any CPU
		{AA96C774-F4E7-4EC8-ADA1-F7D700F91CDF}.Release|Any CPU.ActiveCfg = Release|Any CPU
		{AA96C774-F4E7-4EC8-ADA1-F7D700F91CDF}.Release|Any CPU.Build.0 = Release|Any CPU
		{4E35B95C-D85D-497D-87A4-6732099CE47C}.Debug|Any CPU.ActiveCfg = Debug|Any CPU
		{4E35B95C-D85D-497D-87A4-6732099CE47C}.Debug|Any CPU.Build.0 = Debug|Any CPU
		{4E35B95C-D85D-497D-87A4-6732099CE47C}.Release|Any CPU.ActiveCfg = Release|Any CPU
		{4E35B95C-D85D-497D-87A4-6732099CE47C}.Release|Any CPU.Build.0 = Release|Any CPU
		{EC4734AE-733E-441E-B4DA-DF1BBA2B6EA5}.Debug|Any CPU.ActiveCfg = Debug|Any CPU
		{EC4734AE-733E-441E-B4DA-DF1BBA2B6EA5}.Debug|Any CPU.Build.0 = Debug|Any CPU
		{EC4734AE-733E-441E-B4DA-DF1BBA2B6EA5}.Release|Any CPU.ActiveCfg = Release|Any CPU
		{EC4734AE-733E-441E-B4DA-DF1BBA2B6EA5}.Release|Any CPU.Build.0 = Release|Any CPU
		{66A37F8D-A2EB-4AAE-8124-6042E845F133}.Debug|Any CPU.ActiveCfg = Debug|Any CPU
		{66A37F8D-A2EB-4AAE-8124-6042E845F133}.Debug|Any CPU.Build.0 = Debug|Any CPU
		{66A37F8D-A2EB-4AAE-8124-6042E845F133}.Release|Any CPU.ActiveCfg = Release|Any CPU
		{66A37F8D-A2EB-4AAE-8124-6042E845F133}.Release|Any CPU.Build.0 = Release|Any CPU
		{B078AD1B-E29F-4F3F-A49C-EBCF7FCEDEA6}.Debug|Any CPU.ActiveCfg = Debug|Any CPU
		{B078AD1B-E29F-4F3F-A49C-EBCF7FCEDEA6}.Debug|Any CPU.Build.0 = Debug|Any CPU
		{B078AD1B-E29F-4F3F-A49C-EBCF7FCEDEA6}.Release|Any CPU.ActiveCfg = Release|Any CPU
		{B078AD1B-E29F-4F3F-A49C-EBCF7FCEDEA6}.Release|Any CPU.Build.0 = Release|Any CPU
	EndGlobalSection
	GlobalSection(SolutionProperties) = preSolution
		HideSolutionNode = FALSE
	EndGlobalSection
	GlobalSection(ExtensibilityGlobals) = postSolution
		SolutionGuid = {881985D5-48CD-45FF-B39B-47BC586EF9A3}
	EndGlobalSection
EndGlobal
